
Microsoft Visual Studio Solution File, Format Version 12.00
# Visual Studio Version 16
VisualStudioVersion = 16.0.33214.272
MinimumVisualStudioVersion = 10.0.40219.1
Project("{FAE04EC0-301F-11D3-BF4B-00C04F79EFBC}") = "WindowsFormsApp1", "WindowsFormsApp1\WindowsFormsApp1.csproj", "{BD650094-326F-491D-8701-C80E0C3E9F32}"
EndProject
Global
	GlobalSection(SolutionConfigurationPlatforms) = preSolution
		Debug|Any CPU = Debug|Any CPU
		Release|Any CPU = Release|Any CPU
	EndGlobalSection
	GlobalSection(ProjectConfigurationPlatforms) = postSolution
		{BD650094-326F-491D-8701-C80E0C3E9F32}.Debug|Any CPU.ActiveCfg = Debug|Any CPU
		{BD650094-326F-491D-8701-C80E0C3E9F32}.Debug|Any CPU.Build.0 = Debug|Any CPU
		{BD650094-326F-491D-8701-C80E0C3E9F32}.Release|Any CPU.ActiveCfg = Release|Any CPU
		{BD650094-326F-491D-8701-C80E0C3E9F32}.Release|Any CPU.Build.0 = Release|Any CPU
	EndGlobalSection
	GlobalSection(SolutionProperties) = preSolution
		HideSolutionNode = FALSE
	EndGlobalSection
	GlobalSection(ExtensibilityGlobals) = postSolution
		SolutionGuid = {D5D10DEC-D29A-468F-ADCF-586D60C3028C}
	EndGlobalSection
EndGlobal
